
Microsoft Visual Studio Solution File, Format Version 12.00
# Visual Studio Version 16
VisualStudioVersion = 16.0.32428.249
MinimumVisualStudioVersion = 10.0.40219.1
Project("{9A19103F-16F7-4668-BE54-9A1E7A4F7556}") = "Methodlar", "Methodlar\Methodlar.csproj", "{E5E13B97-F50D-49AE-80F5-2B494FE76CF9}"
EndProject
Project("{9A19103F-16F7-4668-BE54-9A1E7A4F7556}") = "Matematik", "..\Matematik\Matematik.csproj", "{12B80419-B1D1-48EA-B60A-6514259C01C6}"
EndProject
Project("{9A19103F-16F7-4668-BE54-9A1E7A4F7556}") = "DegerVeReferansTipler", "..\DegerVeReferansTipler\DegerVeReferansTipler.csproj", "{DD5E4C0D-4F88-40B8-8212-224FD09F6533}"
EndProject
Project("{9A19103F-16F7-4668-BE54-9A1E7A4F7556}") = "OOP1", "OOP1\OOP1.csproj", "{2B45AEC2-8EAC-435D-B93B-CA47F7341DAE}"
EndProject
Project("{9A19103F-16F7-4668-BE54-9A1E7A4F7556}") = "Collections", "Collections\Collections.csproj", "{8B1F968D-06F2-43DB-B595-DA951D5533EC}"
EndProject
Project("{9A19103F-16F7-4668-BE54-9A1E7A4F7556}") = "GenericsIntro", "GenericsIntro\GenericsIntro.csproj", "{313F1663-1B23-4C97-AA41-4E83C1FD9D56}"
EndProject
Project("{9A19103F-16F7-4668-BE54-9A1E7A4F7556}") = "Ders3Odev3", "Ders3Odev3\Ders3Odev3.csproj", "{14A9688C-2E20-4280-8F27-D4BCA0F48AB8}"
EndProject
Project("{FAE04EC0-301F-11D3-BF4B-00C04F79EFBC}") = "OOP2", "OOP2\OOP2.csproj", "{FFE241C9-F2E6-43F1-B436-FCF6C269F5D9}"
EndProject
Project("{FAE04EC0-301F-11D3-BF4B-00C04F79EFBC}") = "OOP3", "OOP3\OOP3.csproj", "{AF1C817B-D338-45C2-8248-B830956BF914}"
EndProject
Global
	GlobalSection(SolutionConfigurationPlatforms) = preSolution
		Debug|Any CPU = Debug|Any CPU
		Release|Any CPU = Release|Any CPU
	EndGlobalSection
	GlobalSection(ProjectConfigurationPlatforms) = postSolution
		{E5E13B97-F50D-49AE-80F5-2B494FE76CF9}.Debug|Any CPU.ActiveCfg = Debug|Any CPU
		{E5E13B97-F50D-49AE-80F5-2B494FE76CF9}.Debug|Any CPU.Build.0 = Debug|Any CPU
		{E5E13B97-F50D-49AE-80F5-2B494FE76CF9}.Release|Any CPU.ActiveCfg = Release|Any CPU
		{E5E13B97-F50D-49AE-80F5-2B494FE76CF9}.Release|Any CPU.Build.0 = Release|Any CPU
		{12B80419-B1D1-48EA-B60A-6514259C01C6}.Debug|Any CPU.ActiveCfg = Debug|Any CPU
		{12B80419-B1D1-48EA-B60A-6514259C01C6}.Debug|Any CPU.Build.0 = Debug|Any CPU
		{12B80419-B1D1-48EA-B60A-6514259C01C6}.Release|Any CPU.ActiveCfg = Release|Any CPU
		{12B80419-B1D1-48EA-B60A-6514259C01C6}.Release|Any CPU.Build.0 = Release|Any CPU
		{DD5E4C0D-4F88-40B8-8212-224FD09F6533}.Debug|Any CPU.ActiveCfg = Debug|Any CPU
		{DD5E4C0D-4F88-40B8-8212-224FD09F6533}.Debug|Any CPU.Build.0 = Debug|Any CPU
		{DD5E4C0D-4F88-40B8-8212-224FD09F6533}.Release|Any CPU.ActiveCfg = Release|Any CPU
		{DD5E4C0D-4F88-40B8-8212-224FD09F6533}.Release|Any CPU.Build.0 = Release|Any CPU
		{2B45AEC2-8EAC-435D-B93B-CA47F7341DAE}.Debug|Any CPU.ActiveCfg = Debug|Any CPU
		{2B45AEC2-8EAC-435D-B93B-CA47F7341DAE}.Debug|Any CPU.Build.0 = Debug|Any CPU
		{2B45AEC2-8EAC-435D-B93B-CA47F7341DAE}.Release|Any CPU.ActiveCfg = Release|Any CPU
		{2B45AEC2-8EAC-435D-B93B-CA47F7341DAE}.Release|Any CPU.Build.0 = Release|Any CPU
		{8B1F968D-06F2-43DB-B595-DA951D5533EC}.Debug|Any CPU.ActiveCfg = Debug|Any CPU
		{8B1F968D-06F2-43DB-B595-DA951D5533EC}.Debug|Any CPU.Build.0 = Debug|Any CPU
		{8B1F968D-06F2-43DB-B595-DA951D5533EC}.Release|Any CPU.ActiveCfg = Release|Any CPU
		{8B1F968D-06F2-43DB-B595-DA951D5533EC}.Release|Any CPU.Build.0 = Release|Any CPU
		{313F1663-1B23-4C97-AA41-4E83C1FD9D56}.Debug|Any CPU.ActiveCfg = Debug|Any CPU
		{313F1663-1B23-4C97-AA41-4E83C1FD9D56}.Debug|Any CPU.Build.0 = Debug|Any CPU
		{313F1663-1B23-4C97-AA41-4E83C1FD9D56}.Release|Any CPU.ActiveCfg = Release|Any CPU
		{313F1663-1B23-4C97-AA41-4E83C1FD9D56}.Release|Any CPU.Build.0 = Release|Any CPU
		{14A9688C-2E20-4280-8F27-D4BCA0F48AB8}.Debug|Any CPU.ActiveCfg = Debug|Any CPU
		{14A9688C-2E20-4280-8F27-D4BCA0F48AB8}.Debug|Any CPU.Build.0 = Debug|Any CPU
		{14A9688C-2E20-4280-8F27-D4BCA0F48AB8}.Release|Any CPU.ActiveCfg = Release|Any CPU
		{14A9688C-2E20-4280-8F27-D4BCA0F48AB8}.Release|Any CPU.Build.0 = Release|Any CPU
		{FFE241C9-F2E6-43F1-B436-FCF6C269F5D9}.Debug|Any CPU.ActiveCfg = Debug|Any CPU
		{FFE241C9-F2E6-43F1-B436-FCF6C269F5D9}.Debug|Any CPU.Build.0 = Debug|Any CPU
		{FFE241C9-F2E6-43F1-B436-FCF6C269F5D9}.Release|Any CPU.ActiveCfg = Release|Any CPU
		{FFE241C9-F2E6-43F1-B436-FCF6C269F5D9}.Release|Any CPU.Build.0 = Release|Any CPU
		{AF1C817B-D338-45C2-8248-B830956BF914}.Debug|Any CPU.ActiveCfg = Debug|Any CPU
		{AF1C817B-D338-45C2-8248-B830956BF914}.Debug|Any CPU.Build.0 = Debug|Any CPU
		{AF1C817B-D338-45C2-8248-B830956BF914}.Release|Any CPU.ActiveCfg = Release|Any CPU
		{AF1C817B-D338-45C2-8248-B830956BF914}.Release|Any CPU.Build.0 = Release|Any CPU
	EndGlobalSection
	GlobalSection(SolutionProperties) = preSolution
		HideSolutionNode = FALSE
	EndGlobalSection
	GlobalSection(ExtensibilityGlobals) = postSolution
		SolutionGuid = {5CBDF892-B3AB-4D8D-9574-ABEBE4573EA1}
	EndGlobalSection
EndGlobal
